
Microsoft Visual Studio Solution File, Format Version 12.00
# Visual Studio Version 17
VisualStudioVersion = 17.14.36301.6
MinimumVisualStudioVersion = 10.0.40219.1
Project("{FAE04EC0-301F-11D3-BF4B-00C04F79EFBC}") = "Systems-One-MQTT-Service", "Systems-One-MQTT-Service.csproj", "{4554BC61-5924-4875-92E6-15B63F17FF68}"
EndProject
Project("{B7DD6F7E-DEF8-4E67-B5B7-07EF123DB6F0}") = "Systems-One-MQTT-Service-Installer", "Systems-One-MQTT-Service-Installer\Systems-One-MQTT-Service-Installer.wixproj", "{51A71B00-1ACB-475D-AEAE-FDEC44A06FF1}"
EndProject
Global
	GlobalSection(SolutionConfigurationPlatforms) = preSolution
		Debug|Any CPU = Debug|Any CPU
		Debug|ARM64 = Debug|ARM64
		Debug|x64 = Debug|x64
		Debug|x86 = Debug|x86
		Release|Any CPU = Release|Any CPU
		Release|ARM64 = Release|ARM64
		Release|x64 = Release|x64
		Release|x86 = Release|x86
	EndGlobalSection
	GlobalSection(ProjectConfigurationPlatforms) = postSolution
		{4554BC61-5924-4875-92E6-15B63F17FF68}.Debug|Any CPU.ActiveCfg = Debug|Any CPU
		{4554BC61-5924-4875-92E6-15B63F17FF68}.Debug|Any CPU.Build.0 = Debug|Any CPU
		{4554BC61-5924-4875-92E6-15B63F17FF68}.Debug|ARM64.ActiveCfg = Debug|Any CPU
		{4554BC61-5924-4875-92E6-15B63F17FF68}.Debug|ARM64.Build.0 = Debug|Any CPU
		{4554BC61-5924-4875-92E6-15B63F17FF68}.Debug|x64.ActiveCfg = Debug|Any CPU
		{4554BC61-5924-4875-92E6-15B63F17FF68}.Debug|x64.Build.0 = Debug|Any CPU
		{4554BC61-5924-4875-92E6-15B63F17FF68}.Debug|x86.ActiveCfg = Debug|Any CPU
		{4554BC61-5924-4875-92E6-15B63F17FF68}.Debug|x86.Build.0 = Debug|Any CPU
		{4554BC61-5924-4875-92E6-15B63F17FF68}.Release|Any CPU.ActiveCfg = Release|Any CPU
		{4554BC61-5924-4875-92E6-15B63F17FF68}.Release|Any CPU.Build.0 = Release|Any CPU
		{4554BC61-5924-4875-92E6-15B63F17FF68}.Release|ARM64.ActiveCfg = Release|Any CPU
		{4554BC61-5924-4875-92E6-15B63F17FF68}.Release|ARM64.Build.0 = Release|Any CPU
		{4554BC61-5924-4875-92E6-15B63F17FF68}.Release|x64.ActiveCfg = Release|Any CPU
		{4554BC61-5924-4875-92E6-15B63F17FF68}.Release|x64.Build.0 = Release|Any CPU
		{4554BC61-5924-4875-92E6-15B63F17FF68}.Release|x86.ActiveCfg = Release|Any CPU
		{4554BC61-5924-4875-92E6-15B63F17FF68}.Release|x86.Build.0 = Release|Any CPU
		{51A71B00-1ACB-475D-AEAE-FDEC44A06FF1}.Debug|Any CPU.ActiveCfg = Debug|x64
		{51A71B00-1ACB-475D-AEAE-FDEC44A06FF1}.Debug|Any CPU.Build.0 = Debug|x64
		{51A71B00-1ACB-475D-AEAE-FDEC44A06FF1}.Debug|ARM64.ActiveCfg = Debug|ARM64
		{51A71B00-1ACB-475D-AEAE-FDEC44A06FF1}.Debug|ARM64.Build.0 = Debug|ARM64
		{51A71B00-1ACB-475D-AEAE-FDEC44A06FF1}.Debug|x64.ActiveCfg = Debug|x64
		{51A71B00-1ACB-475D-AEAE-FDEC44A06FF1}.Debug|x64.Build.0 = Debug|x64
		{51A71B00-1ACB-475D-AEAE-FDEC44A06FF1}.Debug|x86.ActiveCfg = Debug|x86
		{51A71B00-1ACB-475D-AEAE-FDEC44A06FF1}.Debug|x86.Build.0 = Debug|x86
		{51A71B00-1ACB-475D-AEAE-FDEC44A06FF1}.Release|Any CPU.ActiveCfg = Release|x64
		{51A71B00-1ACB-475D-AEAE-FDEC44A06FF1}.Release|Any CPU.Build.0 = Release|x64
		{51A71B00-1ACB-475D-AEAE-FDEC44A06FF1}.Release|ARM64.ActiveCfg = Release|ARM64
		{51A71B00-1ACB-475D-AEAE-FDEC44A06FF1}.Release|ARM64.Build.0 = Release|ARM64
		{51A71B00-1ACB-475D-AEAE-FDEC44A06FF1}.Release|x64.ActiveCfg = Release|x64
		{51A71B00-1ACB-475D-AEAE-FDEC44A06FF1}.Release|x64.Build.0 = Release|x64
		{51A71B00-1ACB-475D-AEAE-FDEC44A06FF1}.Release|x86.ActiveCfg = Release|x86
		{51A71B00-1ACB-475D-AEAE-FDEC44A06FF1}.Release|x86.Build.0 = Release|x86
	EndGlobalSection
	GlobalSection(SolutionProperties) = preSolution
		HideSolutionNode = FALSE
	EndGlobalSection
	GlobalSection(ExtensibilityGlobals) = postSolution
		SolutionGuid = {683CC994-A839-4113-B9A2-DAD96107B336}
	EndGlobalSection
EndGlobal
